
Microsoft Visual Studio Solution File, Format Version 12.00
# Visual Studio Version 17
VisualStudioVersion = 17.11.35103.136
MinimumVisualStudioVersion = 10.0.40219.1
Project("{FAE04EC0-301F-11D3-BF4B-00C04F79EFBC}") = "Leetcode", "Leetcode\Leetcode.csproj", "{8390E8A6-369D-4F90-B951-909525FF65FA}"
EndProject
Project("{FAE04EC0-301F-11D3-BF4B-00C04F79EFBC}") = "Leetcode.Test", "Leetcode.Test\Leetcode.Test.csproj", "{B9EA170F-8726-4E16-B0A8-7CE77BEFC3AA}"
EndProject
Global
	GlobalSection(SolutionConfigurationPlatforms) = preSolution
		Debug|Any CPU = Debug|Any CPU
		Release|Any CPU = Release|Any CPU
	EndGlobalSection
	GlobalSection(ProjectConfigurationPlatforms) = postSolution
		{8390E8A6-369D-4F90-B951-909525FF65FA}.Debug|Any CPU.ActiveCfg = Debug|Any CPU
		{8390E8A6-369D-4F90-B951-909525FF65FA}.Debug|Any CPU.Build.0 = Debug|Any CPU
		{8390E8A6-369D-4F90-B951-909525FF65FA}.Release|Any CPU.ActiveCfg = Release|Any CPU
		{8390E8A6-369D-4F90-B951-909525FF65FA}.Release|Any CPU.Build.0 = Release|Any CPU
		{B9EA170F-8726-4E16-B0A8-7CE77BEFC3AA}.Debug|Any CPU.ActiveCfg = Debug|Any CPU
		{B9EA170F-8726-4E16-B0A8-7CE77BEFC3AA}.Debug|Any CPU.Build.0 = Debug|Any CPU
		{B9EA170F-8726-4E16-B0A8-7CE77BEFC3AA}.Release|Any CPU.ActiveCfg = Release|Any CPU
		{B9EA170F-8726-4E16-B0A8-7CE77BEFC3AA}.Release|Any CPU.Build.0 = Release|Any CPU
	EndGlobalSection
	GlobalSection(SolutionProperties) = preSolution
		HideSolutionNode = FALSE
	EndGlobalSection
	GlobalSection(ExtensibilityGlobals) = postSolution
		SolutionGuid = {D5917328-98CA-4350-8FD1-E0125E6A6C32}
	EndGlobalSection
EndGlobal
